
Microsoft Visual Studio Solution File, Format Version 12.00
# Visual Studio Version 17
VisualStudioVersion = 17.7.34024.191
MinimumVisualStudioVersion = 10.0.40219.1
Project("{FAE04EC0-301F-11D3-BF4B-00C04F79EFBC}") = "ConsoleApp6", "ConsoleApp6\ConsoleApp6.csproj", "{D4FC6C6C-7C99-42AD-8E28-75FFEC11B8CB}"
EndProject
Global
	GlobalSection(SolutionConfigurationPlatforms) = preSolution
		Debug|Any CPU = Debug|Any CPU
		Release|Any CPU = Release|Any CPU
	EndGlobalSection
	GlobalSection(ProjectConfigurationPlatforms) = postSolution
		{D4FC6C6C-7C99-42AD-8E28-75FFEC11B8CB}.Debug|Any CPU.ActiveCfg = Debug|Any CPU
		{D4FC6C6C-7C99-42AD-8E28-75FFEC11B8CB}.Debug|Any CPU.Build.0 = Debug|Any CPU
		{D4FC6C6C-7C99-42AD-8E28-75FFEC11B8CB}.Release|Any CPU.ActiveCfg = Release|Any CPU
		{D4FC6C6C-7C99-42AD-8E28-75FFEC11B8CB}.Release|Any CPU.Build.0 = Release|Any CPU
	EndGlobalSection
	GlobalSection(SolutionProperties) = preSolution
		HideSolutionNode = FALSE
	EndGlobalSection
	GlobalSection(ExtensibilityGlobals) = postSolution
		SolutionGuid = {5AADF106-52ED-4062-B53D-CC61A560DC03}
	EndGlobalSection
EndGlobal
